
Microsoft Visual Studio Solution File, Format Version 12.00
# Visual Studio 15
VisualStudioVersion = 15.0.26403.7
MinimumVisualStudioVersion = 10.0.40219.1
Project("{FAE04EC0-301F-11D3-BF4B-00C04F79EFBC}") = "Emailer", "Emailer\Emailer.csproj", "{73532072-F57A-45C6-B47C-F748F7BCBBA5}"
EndProject
Project("{FAE04EC0-301F-11D3-BF4B-00C04F79EFBC}") = "EmailProvider", "EmailProvider\EmailProvider.csproj", "{212C54A7-1053-4B97-BECC-0529B108940F}"
EndProject
Project("{FAE04EC0-301F-11D3-BF4B-00C04F79EFBC}") = "Interfaces", "Interfaces\Interfaces.csproj", "{83638BFB-B191-43A4-9134-7619251FEC95}"
EndProject
Project("{2150E333-8FDC-42A3-9474-1A3956D46DE8}") = "SOLID", "SOLID", "{F4666911-6262-41A2-90E4-F29BBE249459}"
EndProject
Project("{FAE04EC0-301F-11D3-BF4B-00C04F79EFBC}") = "Single responsibility principle", "SRP\Single responsibility principle.csproj", "{25CC3B74-0971-44A9-BF8F-5A56647BC737}"
EndProject
Project("{FAE04EC0-301F-11D3-BF4B-00C04F79EFBC}") = "Open closed principle", "Open closed principle\Open closed principle.csproj", "{98C6D333-B9C2-4CD4-A0EE-5A28FB9C3530}"
EndProject
Project("{FAE04EC0-301F-11D3-BF4B-00C04F79EFBC}") = "Liskov substitution principle", "Liskov substitution principle\Liskov substitution principle.csproj", "{C61041E5-5C8E-4438-AEF6-E33E7147CF81}"
EndProject
Project("{FAE04EC0-301F-11D3-BF4B-00C04F79EFBC}") = "Interface Segregation principle", "Interface Segregation principle\Interface Segregation principle.csproj", "{D7D33F78-3461-4038-AB92-71202108B522}"
EndProject
Project("{FAE04EC0-301F-11D3-BF4B-00C04F79EFBC}") = "Dependency inversion principle", "Dependency inversion principle\Dependency inversion principle.csproj", "{05559684-6F64-4E6F-AEFF-D6FE260AABCF}"
EndProject
Global
	GlobalSection(SolutionConfigurationPlatforms) = preSolution
		Debug|Any CPU = Debug|Any CPU
		Release|Any CPU = Release|Any CPU
	EndGlobalSection
	GlobalSection(ProjectConfigurationPlatforms) = postSolution
		{73532072-F57A-45C6-B47C-F748F7BCBBA5}.Debug|Any CPU.ActiveCfg = Debug|Any CPU
		{73532072-F57A-45C6-B47C-F748F7BCBBA5}.Debug|Any CPU.Build.0 = Debug|Any CPU
		{73532072-F57A-45C6-B47C-F748F7BCBBA5}.Release|Any CPU.ActiveCfg = Release|Any CPU
		{73532072-F57A-45C6-B47C-F748F7BCBBA5}.Release|Any CPU.Build.0 = Release|Any CPU
		{212C54A7-1053-4B97-BECC-0529B108940F}.Debug|Any CPU.ActiveCfg = Debug|Any CPU
		{212C54A7-1053-4B97-BECC-0529B108940F}.Debug|Any CPU.Build.0 = Debug|Any CPU
		{212C54A7-1053-4B97-BECC-0529B108940F}.Release|Any CPU.ActiveCfg = Release|Any CPU
		{212C54A7-1053-4B97-BECC-0529B108940F}.Release|Any CPU.Build.0 = Release|Any CPU
		{83638BFB-B191-43A4-9134-7619251FEC95}.Debug|Any CPU.ActiveCfg = Debug|Any CPU
		{83638BFB-B191-43A4-9134-7619251FEC95}.Debug|Any CPU.Build.0 = Debug|Any CPU
		{83638BFB-B191-43A4-9134-7619251FEC95}.Release|Any CPU.ActiveCfg = Release|Any CPU
		{83638BFB-B191-43A4-9134-7619251FEC95}.Release|Any CPU.Build.0 = Release|Any CPU
		{25CC3B74-0971-44A9-BF8F-5A56647BC737}.Debug|Any CPU.ActiveCfg = Debug|Any CPU
		{25CC3B74-0971-44A9-BF8F-5A56647BC737}.Debug|Any CPU.Build.0 = Debug|Any CPU
		{25CC3B74-0971-44A9-BF8F-5A56647BC737}.Release|Any CPU.ActiveCfg = Release|Any CPU
		{25CC3B74-0971-44A9-BF8F-5A56647BC737}.Release|Any CPU.Build.0 = Release|Any CPU
		{98C6D333-B9C2-4CD4-A0EE-5A28FB9C3530}.Debug|Any CPU.ActiveCfg = Debug|Any CPU
		{98C6D333-B9C2-4CD4-A0EE-5A28FB9C3530}.Debug|Any CPU.Build.0 = Debug|Any CPU
		{98C6D333-B9C2-4CD4-A0EE-5A28FB9C3530}.Release|Any CPU.ActiveCfg = Release|Any CPU
		{98C6D333-B9C2-4CD4-A0EE-5A28FB9C3530}.Release|Any CPU.Build.0 = Release|Any CPU
		{C61041E5-5C8E-4438-AEF6-E33E7147CF81}.Debug|Any CPU.ActiveCfg = Debug|Any CPU
		{C61041E5-5C8E-4438-AEF6-E33E7147CF81}.Debug|Any CPU.Build.0 = Debug|Any CPU
		{C61041E5-5C8E-4438-AEF6-E33E7147CF81}.Release|Any CPU.ActiveCfg = Release|Any CPU
		{C61041E5-5C8E-4438-AEF6-E33E7147CF81}.Release|Any CPU.Build.0 = Release|Any CPU
		{D7D33F78-3461-4038-AB92-71202108B522}.Debug|Any CPU.ActiveCfg = Debug|Any CPU
		{D7D33F78-3461-4038-AB92-71202108B522}.Debug|Any CPU.Build.0 = Debug|Any CPU
		{D7D33F78-3461-4038-AB92-71202108B522}.Release|Any CPU.ActiveCfg = Release|Any CPU
		{D7D33F78-3461-4038-AB92-71202108B522}.Release|Any CPU.Build.0 = Release|Any CPU
		{05559684-6F64-4E6F-AEFF-D6FE260AABCF}.Debug|Any CPU.ActiveCfg = Debug|Any CPU
		{05559684-6F64-4E6F-AEFF-D6FE260AABCF}.Debug|Any CPU.Build.0 = Debug|Any CPU
		{05559684-6F64-4E6F-AEFF-D6FE260AABCF}.Release|Any CPU.ActiveCfg = Release|Any CPU
		{05559684-6F64-4E6F-AEFF-D6FE260AABCF}.Release|Any CPU.Build.0 = Release|Any CPU
	EndGlobalSection
	GlobalSection(SolutionProperties) = preSolution
		HideSolutionNode = FALSE
	EndGlobalSection
	GlobalSection(NestedProjects) = preSolution
		{25CC3B74-0971-44A9-BF8F-5A56647BC737} = {F4666911-6262-41A2-90E4-F29BBE249459}
		{98C6D333-B9C2-4CD4-A0EE-5A28FB9C3530} = {F4666911-6262-41A2-90E4-F29BBE249459}
		{C61041E5-5C8E-4438-AEF6-E33E7147CF81} = {F4666911-6262-41A2-90E4-F29BBE249459}
		{D7D33F78-3461-4038-AB92-71202108B522} = {F4666911-6262-41A2-90E4-F29BBE249459}
		{05559684-6F64-4E6F-AEFF-D6FE260AABCF} = {F4666911-6262-41A2-90E4-F29BBE249459}
	EndGlobalSection
EndGlobal
